
Microsoft Visual Studio Solution File, Format Version 12.00
#
Project("{FAE04EC0-301F-11D3-BF4B-00C04F79EFBC}") = "Blazor_Forum", "src\Blazor_Forum\Blazor_Forum.csproj", "{A7C406CB-9152-42DE-B046-39008C3FB1F7}"
EndProject
Project("{2150E333-8FDC-42A3-9474-1A3956D46DE8}") = "src", "src", "{016233E8-F022-491D-A9BE-89A16EB35A65}"
EndProject
Project("{FAE04EC0-301F-11D3-BF4B-00C04F79EFBC}") = "Infrastructure", "src\Infrastructure\Infrastructure.csproj", "{1DE2FC8A-6543-4381-9936-B0B7984B5F0B}"
EndProject
Project("{FAE04EC0-301F-11D3-BF4B-00C04F79EFBC}") = "Application", "src\Application\Application.csproj", "{354F2860-DD66-4DA6-86C2-109A37C30DB0}"
EndProject
Global
	GlobalSection(SolutionConfigurationPlatforms) = preSolution
		Debug|Any CPU = Debug|Any CPU
		Release|Any CPU = Release|Any CPU
	EndGlobalSection
	GlobalSection(ProjectConfigurationPlatforms) = postSolution
		{A7C406CB-9152-42DE-B046-39008C3FB1F7}.Debug|Any CPU.ActiveCfg = Debug|Any CPU
		{A7C406CB-9152-42DE-B046-39008C3FB1F7}.Debug|Any CPU.Build.0 = Debug|Any CPU
		{A7C406CB-9152-42DE-B046-39008C3FB1F7}.Release|Any CPU.ActiveCfg = Release|Any CPU
		{A7C406CB-9152-42DE-B046-39008C3FB1F7}.Release|Any CPU.Build.0 = Release|Any CPU
		{1DE2FC8A-6543-4381-9936-B0B7984B5F0B}.Debug|Any CPU.ActiveCfg = Debug|Any CPU
		{1DE2FC8A-6543-4381-9936-B0B7984B5F0B}.Debug|Any CPU.Build.0 = Debug|Any CPU
		{1DE2FC8A-6543-4381-9936-B0B7984B5F0B}.Release|Any CPU.ActiveCfg = Release|Any CPU
		{1DE2FC8A-6543-4381-9936-B0B7984B5F0B}.Release|Any CPU.Build.0 = Release|Any CPU
		{354F2860-DD66-4DA6-86C2-109A37C30DB0}.Debug|Any CPU.ActiveCfg = Debug|Any CPU
		{354F2860-DD66-4DA6-86C2-109A37C30DB0}.Debug|Any CPU.Build.0 = Debug|Any CPU
		{354F2860-DD66-4DA6-86C2-109A37C30DB0}.Release|Any CPU.ActiveCfg = Release|Any CPU
		{354F2860-DD66-4DA6-86C2-109A37C30DB0}.Release|Any CPU.Build.0 = Release|Any CPU
	EndGlobalSection
	GlobalSection(NestedProjects) = preSolution
		{1DE2FC8A-6543-4381-9936-B0B7984B5F0B} = {016233E8-F022-491D-A9BE-89A16EB35A65}
		{354F2860-DD66-4DA6-86C2-109A37C30DB0} = {016233E8-F022-491D-A9BE-89A16EB35A65}
		{A7C406CB-9152-42DE-B046-39008C3FB1F7} = {016233E8-F022-491D-A9BE-89A16EB35A65}
	EndGlobalSection
EndGlobal
